{
  "projects": [
    {
      "projectId": "mTVXT6w3HHjZ4d74q3gB76",
      "version": "latest",
      "dependencies": {},
      "fileLocks": [
        {
          "type": "globalVariant",
          "assetId": "szbTUtTUfDW81Pi",
          "checksum": "6fb2ee85d2a75343e4de9a96adce4870"
        },
        {
          "type": "renderModule",
          "assetId": "Fs8bTUrvZrvfhCr",
          "checksum": "bdfca4e43d0ab762f4469f169d8c020b"
        },
        {
          "type": "cssRules",
          "assetId": "Fs8bTUrvZrvfhCr",
          "checksum": "bdfca4e43d0ab762f4469f169d8c020b"
        },
        {
          "type": "renderModule",
          "assetId": "eUnRsS9UXR",
          "checksum": "6fd5dfc1a90643778dd4acafcf184b3e"
        },
        {
          "type": "cssRules",
          "assetId": "eUnRsS9UXR",
          "checksum": "6fd5dfc1a90643778dd4acafcf184b3e"
        },
        {
          "type": "renderModule",
          "assetId": "A1UjtYt6k0",
          "checksum": "d2d05de8f70b5c0f4f32710cada1405a"
        },
        {
          "type": "cssRules",
          "assetId": "A1UjtYt6k0",
          "checksum": "d2d05de8f70b5c0f4f32710cada1405a"
        },
        {
          "type": "renderModule",
          "assetId": "KDElHbQmfd",
          "checksum": "3d3659b3ec8c447b1fc7023f01a8a275"
        },
        {
          "type": "cssRules",
          "assetId": "KDElHbQmfd",
          "checksum": "3d3659b3ec8c447b1fc7023f01a8a275"
        },
        {
          "type": "renderModule",
          "assetId": "FZWTu4L61t",
          "checksum": "c2cf6da89c86faf9844d1a1e6c527bd5"
        },
        {
          "type": "cssRules",
          "assetId": "FZWTu4L61t",
          "checksum": "c2cf6da89c86faf9844d1a1e6c527bd5"
        },
        {
          "type": "renderModule",
          "assetId": "MkyvVOg5Ik",
          "checksum": "20ef6b911db87252cfa53d7dfdc3cc80"
        },
        {
          "type": "cssRules",
          "assetId": "MkyvVOg5Ik",
          "checksum": "20ef6b911db87252cfa53d7dfdc3cc80"
        },
        {
          "type": "renderModule",
          "assetId": "LRwT0lHdps",
          "checksum": "2257c8e6e34547116c536c06bf4af0cf"
        },
        {
          "type": "cssRules",
          "assetId": "LRwT0lHdps",
          "checksum": "2257c8e6e34547116c536c06bf4af0cf"
        },
        {
          "type": "renderModule",
          "assetId": "Umq3CDOCIR",
          "checksum": "1a62a00489467a625ac452b1e1bb2b5e"
        },
        {
          "type": "cssRules",
          "assetId": "Umq3CDOCIR",
          "checksum": "1a62a00489467a625ac452b1e1bb2b5e"
        },
        {
          "type": "renderModule",
          "assetId": "JU1t0P9pFY",
          "checksum": "268c4ec63fceb007f1b8b6cc45e8c4b7"
        },
        {
          "type": "cssRules",
          "assetId": "JU1t0P9pFY",
          "checksum": "268c4ec63fceb007f1b8b6cc45e8c4b7"
        },
        {
          "type": "renderModule",
          "assetId": "v0nNSTRV39",
          "checksum": "a0a67bdfd9ec5c08b8ac3934c705d127"
        },
        {
          "type": "cssRules",
          "assetId": "v0nNSTRV39",
          "checksum": "a0a67bdfd9ec5c08b8ac3934c705d127"
        },
        {
          "type": "renderModule",
          "assetId": "Q2R-U25DUBO",
          "checksum": "dd5fbd3451e7535a2e88fa0a2d2d6b4d"
        },
        {
          "type": "cssRules",
          "assetId": "Q2R-U25DUBO",
          "checksum": "dd5fbd3451e7535a2e88fa0a2d2d6b4d"
        },
        {
          "type": "renderModule",
          "assetId": "0x0YjULkfHN",
          "checksum": "d3a40b7e94bc0470104af4cd3532f1f3"
        },
        {
          "type": "cssRules",
          "assetId": "0x0YjULkfHN",
          "checksum": "d3a40b7e94bc0470104af4cd3532f1f3"
        },
        {
          "type": "renderModule",
          "assetId": "q3VnCwfx25w",
          "checksum": "20770356bf3f08af2f7f4f5ab9b7c1b8"
        },
        {
          "type": "cssRules",
          "assetId": "q3VnCwfx25w",
          "checksum": "20770356bf3f08af2f7f4f5ab9b7c1b8"
        },
        {
          "type": "renderModule",
          "assetId": "PE9pgtdNju",
          "checksum": "2156fa10623be5840467fc5b88bfd0e6"
        },
        {
          "type": "cssRules",
          "assetId": "PE9pgtdNju",
          "checksum": "2156fa10623be5840467fc5b88bfd0e6"
        },
        {
          "type": "renderModule",
          "assetId": "Rd6ctyxKvRM",
          "checksum": "db25f0572e9ab3dd1b371115cf186dc8"
        },
        {
          "type": "cssRules",
          "assetId": "Rd6ctyxKvRM",
          "checksum": "db25f0572e9ab3dd1b371115cf186dc8"
        },
        {
          "type": "renderModule",
          "assetId": "PGPJmONwto",
          "checksum": "09362294c0e90142a44945c826a362c8"
        },
        {
          "type": "cssRules",
          "assetId": "PGPJmONwto",
          "checksum": "09362294c0e90142a44945c826a362c8"
        },
        {
          "type": "renderModule",
          "assetId": "UIpuE7M1YY",
          "checksum": "14c7794d655347e6949e4eafe507d021"
        },
        {
          "type": "cssRules",
          "assetId": "UIpuE7M1YY",
          "checksum": "14c7794d655347e6949e4eafe507d021"
        },
        {
          "type": "renderModule",
          "assetId": "ZhI9zuyxBT",
          "checksum": "f09afaa63858f5453b3048b2b43f07bd"
        },
        {
          "type": "cssRules",
          "assetId": "ZhI9zuyxBT",
          "checksum": "f09afaa63858f5453b3048b2b43f07bd"
        },
        {
          "type": "renderModule",
          "assetId": "Q9Z-qP9n2Q",
          "checksum": "9a0163dcd8dda437fddee50289b100a0"
        },
        {
          "type": "cssRules",
          "assetId": "Q9Z-qP9n2Q",
          "checksum": "9a0163dcd8dda437fddee50289b100a0"
        },
        {
          "type": "renderModule",
          "assetId": "X8H70YUTyF",
          "checksum": "58092f153372acfa95f813c117313c53"
        },
        {
          "type": "cssRules",
          "assetId": "X8H70YUTyF",
          "checksum": "58092f153372acfa95f813c117313c53"
        },
        {
          "type": "renderModule",
          "assetId": "VOXcGTkmP9",
          "checksum": "2b75a0e943c2dd51ef17d00738f3b091"
        },
        {
          "type": "cssRules",
          "assetId": "VOXcGTkmP9",
          "checksum": "2b75a0e943c2dd51ef17d00738f3b091"
        },
        {
          "type": "renderModule",
          "assetId": "XqXAODV8pg",
          "checksum": "8f6337fbaacedbb7d4f6d97ee97bfe03"
        },
        {
          "type": "cssRules",
          "assetId": "XqXAODV8pg",
          "checksum": "8f6337fbaacedbb7d4f6d97ee97bfe03"
        },
        {
          "type": "renderModule",
          "assetId": "cRgEcIgCT1",
          "checksum": "d8af31a0906e044ab8b7f975bdcc4aff"
        },
        {
          "type": "cssRules",
          "assetId": "cRgEcIgCT1",
          "checksum": "d8af31a0906e044ab8b7f975bdcc4aff"
        },
        {
          "type": "renderModule",
          "assetId": "uaoIqTcPRC-",
          "checksum": "0155b86c9ef4dc5116b7298f73f1df91"
        },
        {
          "type": "cssRules",
          "assetId": "uaoIqTcPRC-",
          "checksum": "0155b86c9ef4dc5116b7298f73f1df91"
        },
        {
          "type": "renderModule",
          "assetId": "h6nSih0ODv",
          "checksum": "1dae5c446ae9681cde8a09589cdf70c0"
        },
        {
          "type": "cssRules",
          "assetId": "h6nSih0ODv",
          "checksum": "1dae5c446ae9681cde8a09589cdf70c0"
        },
        {
          "type": "renderModule",
          "assetId": "0wz8hGqZgNQ",
          "checksum": "e652a967dad380f5f597b9d28275a296"
        },
        {
          "type": "cssRules",
          "assetId": "0wz8hGqZgNQ",
          "checksum": "e652a967dad380f5f597b9d28275a296"
        },
        {
          "type": "renderModule",
          "assetId": "l1Qe8RjaNW",
          "checksum": "2fa6742ae92cde4273ba47fdff3dce34"
        },
        {
          "type": "cssRules",
          "assetId": "l1Qe8RjaNW",
          "checksum": "2fa6742ae92cde4273ba47fdff3dce34"
        },
        {
          "type": "renderModule",
          "assetId": "q8aEgDsN8_",
          "checksum": "417e529b459246d093e07d14828086d9"
        },
        {
          "type": "cssRules",
          "assetId": "q8aEgDsN8_",
          "checksum": "417e529b459246d093e07d14828086d9"
        },
        {
          "type": "renderModule",
          "assetId": "JQWYItyW5A",
          "checksum": "bc41a9c09bf90305ec7b34851ce3d7b4"
        },
        {
          "type": "cssRules",
          "assetId": "JQWYItyW5A",
          "checksum": "bc41a9c09bf90305ec7b34851ce3d7b4"
        },
        {
          "type": "image",
          "assetId": "g-rql0pCyuzVOIR",
          "checksum": "8fe359419ca5dfbae0c041c133e6e853"
        },
        {
          "type": "image",
          "assetId": "9kv6uNERxC5Tnft",
          "checksum": "926575a5be106391168324df4df925a2"
        },
        {
          "type": "image",
          "assetId": "zo-_ZEkWm",
          "checksum": "f540e545a818705bb0c10ded205f5555"
        },
        {
          "type": "image",
          "assetId": "peTQl8yxq",
          "checksum": "ad4e81c41c680c6efe4d4c10a7ad8077"
        },
        {
          "type": "image",
          "assetId": "O43ycn2NW",
          "checksum": "ac5e62724b433d7fe8014c7ba565aaa9"
        },
        {
          "type": "image",
          "assetId": "fd83YzSqp",
          "checksum": "2d924f7422ba96f1950b629db37b7b0c"
        },
        {
          "type": "renderModule",
          "assetId": "0c6QSqHYCk",
          "checksum": "548c7dde82a7371dbdc4cd73e6d6bad2"
        },
        {
          "type": "cssRules",
          "assetId": "0c6QSqHYCk",
          "checksum": "548c7dde82a7371dbdc4cd73e6d6bad2"
        },
        {
          "type": "renderModule",
          "assetId": "xICnD3GwL-L",
          "checksum": "7b15ae293fac346da2bf324e622a2425"
        },
        {
          "type": "cssRules",
          "assetId": "xICnD3GwL-L",
          "checksum": "7b15ae293fac346da2bf324e622a2425"
        },
        {
          "type": "renderModule",
          "assetId": "3NTlJO7oDpw",
          "checksum": "487592f96ba1e2d5b67a80c241dad0b2"
        },
        {
          "type": "cssRules",
          "assetId": "3NTlJO7oDpw",
          "checksum": "487592f96ba1e2d5b67a80c241dad0b2"
        },
        {
          "type": "renderModule",
          "assetId": "1E73LSzV2l",
          "checksum": "d6cba1bc7e21643cd9185d44453bd5a8"
        },
        {
          "type": "cssRules",
          "assetId": "1E73LSzV2l",
          "checksum": "d6cba1bc7e21643cd9185d44453bd5a8"
        },
        {
          "type": "renderModule",
          "assetId": "2FtsgZCi1Kx",
          "checksum": "65e6b8332a8cf89a63206c876a50f01a"
        },
        {
          "type": "cssRules",
          "assetId": "2FtsgZCi1Kx",
          "checksum": "65e6b8332a8cf89a63206c876a50f01a"
        },
        {
          "type": "renderModule",
          "assetId": "pMqUN0f4G_a",
          "checksum": "935982a291d0793c3796a8e0af015979"
        },
        {
          "type": "cssRules",
          "assetId": "pMqUN0f4G_a",
          "checksum": "935982a291d0793c3796a8e0af015979"
        },
        {
          "type": "renderModule",
          "assetId": "D8Y_2wee1o",
          "checksum": "66731c0ad0b36f29e75312c2bc31c285"
        },
        {
          "type": "cssRules",
          "assetId": "D8Y_2wee1o",
          "checksum": "66731c0ad0b36f29e75312c2bc31c285"
        },
        {
          "type": "renderModule",
          "assetId": "bGjqf-R4Tc",
          "checksum": "af2683a88d6e9ff642b558e4179ca60c"
        },
        {
          "type": "cssRules",
          "assetId": "bGjqf-R4Tc",
          "checksum": "af2683a88d6e9ff642b558e4179ca60c"
        },
        {
          "type": "renderModule",
          "assetId": "_XzWccJtXuE",
          "checksum": "203fe8ba5bcc653c64b46677ba4b0c76"
        },
        {
          "type": "cssRules",
          "assetId": "_XzWccJtXuE",
          "checksum": "203fe8ba5bcc653c64b46677ba4b0c76"
        },
        {
          "type": "renderModule",
          "assetId": "I7lcqILO9Y",
          "checksum": "461c5dc1d7d0ac660e02a28a59a08182"
        },
        {
          "type": "cssRules",
          "assetId": "I7lcqILO9Y",
          "checksum": "461c5dc1d7d0ac660e02a28a59a08182"
        },
        {
          "type": "renderModule",
          "assetId": "JPP0L6JGIn",
          "checksum": "a596153615b5e7e553203e62772e0595"
        },
        {
          "type": "cssRules",
          "assetId": "JPP0L6JGIn",
          "checksum": "a596153615b5e7e553203e62772e0595"
        },
        {
          "type": "renderModule",
          "assetId": "FuAQiqPeTF",
          "checksum": "f5c54e8baacf72a971a11f456a4e0726"
        },
        {
          "type": "cssRules",
          "assetId": "FuAQiqPeTF",
          "checksum": "f5c54e8baacf72a971a11f456a4e0726"
        },
        {
          "type": "globalVariant",
          "assetId": "AfkkBCaq2g",
          "checksum": "a89d0adbb818e42eae0ad8632b2bd1cc"
        },
        {
          "type": "image",
          "assetId": "JPhKEtrftg",
          "checksum": "f8045e33e2916969c37e740cc81982c8"
        },
        {
          "type": "renderModule",
          "assetId": "jggPyChG2Zg",
          "checksum": "f1fb98200579f7708c1ec6bd30f05446"
        },
        {
          "type": "cssRules",
          "assetId": "jggPyChG2Zg",
          "checksum": "f1fb98200579f7708c1ec6bd30f05446"
        },
        {
          "type": "renderModule",
          "assetId": "ja2kJswbaeG",
          "checksum": "8cf13d66f765884d92f1e8d8750c1627"
        },
        {
          "type": "cssRules",
          "assetId": "ja2kJswbaeG",
          "checksum": "8cf13d66f765884d92f1e8d8750c1627"
        },
        {
          "type": "image",
          "assetId": "wl3nlMylG",
          "checksum": "f70211dce7ed0d1c6f314cb6d86dbf95"
        },
        {
          "type": "icon",
          "assetId": "X0yAm0kztuYc_IO",
          "checksum": "a5b99ef47665bdcf8518e8a2956cfa8b"
        },
        {
          "type": "icon",
          "assetId": "Sqzw_OTkst-6kZi",
          "checksum": "496440c9aad56d3039648d7ba469029f"
        },
        {
          "type": "icon",
          "assetId": "M_91_FWOwwP63LN",
          "checksum": "0fbe0048e45e2a4107bde69e2a15990b"
        },
        {
          "type": "icon",
          "assetId": "rflU0CK2WnITTSR",
          "checksum": "4f11ac9f20ced8c9dd9181902c200f71"
        },
        {
          "type": "icon",
          "assetId": "oiAgf-ezpQ",
          "checksum": "787398ff5d81b1b0579d65e243630a5f"
        },
        {
          "type": "icon",
          "assetId": "Y3JBiNHxmK",
          "checksum": "b4c5f198dafe2b0b2c1b59b392cd3cae"
        },
        {
          "type": "icon",
          "assetId": "zCNIMAkbig",
          "checksum": "828c6b7d1f80e9f468008929d26df1b1"
        },
        {
          "type": "icon",
          "assetId": "gg_6iBfcsu",
          "checksum": "3e94ddd9bab41fe7d8001beeb17f587f"
        },
        {
          "type": "icon",
          "assetId": "MwyR6vQxWa",
          "checksum": "645b08ea065c0c7e3da08f02f6fcc2da"
        },
        {
          "type": "icon",
          "assetId": "U8bxGhPFOV",
          "checksum": "723036114e133cdfc764767ee051cdf0"
        },
        {
          "type": "icon",
          "assetId": "gDL0fFl2pD",
          "checksum": "bfb3094b616c7f7f2135374dbc8db67b"
        },
        {
          "type": "icon",
          "assetId": "AVLV6uMr56",
          "checksum": "aa3ccbc72a23e659a96580a366048bed"
        },
        {
          "type": "icon",
          "assetId": "Z_5uLzTckE",
          "checksum": "3ec83291579b3f703bd7474cf698cea4"
        },
        {
          "type": "icon",
          "assetId": "B5QLKmr2tW",
          "checksum": "707008d25a5be4fe83babf828ff2f461"
        },
        {
          "type": "icon",
          "assetId": "Dz069s-rE",
          "checksum": "f93d9fbf6f3629e5541ed0fe5ed69bff"
        },
        {
          "type": "icon",
          "assetId": "FUAnm6q86",
          "checksum": "aea9808ed43173e92352bb8d31d865bc"
        },
        {
          "type": "icon",
          "assetId": "sumyU8-X3n",
          "checksum": "8a94b351f0010953ff466ae676bf31a4"
        },
        {
          "type": "icon",
          "assetId": "gkIqWTG_m",
          "checksum": "df28319bd6fc195510f169795cbe54d3"
        },
        {
          "type": "icon",
          "assetId": "Vx3fG4Fxc",
          "checksum": "86ea1b3790940e581dc9fa59f6296d11"
        },
        {
          "type": "icon",
          "assetId": "0QuxgUi0r",
          "checksum": "4a6230c49e350de689428c7cca29c691"
        },
        {
          "type": "icon",
          "assetId": "20h2nOVM8",
          "checksum": "98b2b9b3de95ed32eddb580471c60c08"
        },
        {
          "type": "icon",
          "assetId": "BDHiWdSyk",
          "checksum": "d39da26861853426321fccb381631a70"
        },
        {
          "type": "icon",
          "assetId": "_DgE8tx8k",
          "checksum": "9d5e350fb6918ca06799c66b0dc7fa41"
        },
        {
          "type": "icon",
          "assetId": "UPgEusYgX",
          "checksum": "0cd3597fb09fc489c20fee81a9b0e3d6"
        },
        {
          "type": "icon",
          "assetId": "jjuT3ffMh",
          "checksum": "345b18feb41765c0f91abed7ddcc5526"
        },
        {
          "type": "icon",
          "assetId": "HAg-_Kbya",
          "checksum": "e01f18de24d91603e802e74d801c1b32"
        },
        {
          "type": "icon",
          "assetId": "v822ZhrBq",
          "checksum": "7420ced69c79d145d2e5e16fcf1dac41"
        },
        {
          "type": "icon",
          "assetId": "v016HsKmfL",
          "checksum": "3fda721f5cf015d6a1ae08e0d29a60df"
        },
        {
          "type": "icon",
          "assetId": "9xu35mhQf",
          "checksum": "cb59b53e7633de39be252330178813eb"
        },
        {
          "type": "icon",
          "assetId": "SLtbVdLFU",
          "checksum": "cf030b921417d8cb2798f018f15bc7e8"
        },
        {
          "type": "icon",
          "assetId": "kQoy0KbdjL",
          "checksum": "c994aaf866bbfe6e6a06bc71646ef944"
        },
        {
          "type": "icon",
          "assetId": "Iea8iz1ew",
          "checksum": "b16604dd2e2711dbfdeb7df2b349a78b"
        },
        {
          "type": "icon",
          "assetId": "o58_ERQlgq",
          "checksum": "768679035517deea0e60cf5d1213df59"
        },
        {
          "type": "icon",
          "assetId": "goVw5oohlB",
          "checksum": "78bdf800ee40cdfc70a71b8c0829d931"
        },
        {
          "type": "icon",
          "assetId": "1tBTTGMGvG",
          "checksum": "5264e2679db815861c2c44eaff8d2ba4"
        },
        {
          "type": "icon",
          "assetId": "7EdfFx1qO",
          "checksum": "3ddda26d10251952a9533edc4d38a62f"
        },
        {
          "type": "icon",
          "assetId": "mIjXTEoTT",
          "checksum": "7a38ad0382ecebbb0600dcf23ff12d8d"
        },
        {
          "type": "icon",
          "assetId": "kGOcXPlB7",
          "checksum": "73b39e544b0e8488f5483756fcfc814e"
        },
        {
          "type": "icon",
          "assetId": "5IDGmkMiF",
          "checksum": "ec34c0503899b9ab559a765073006b60"
        },
        {
          "type": "icon",
          "assetId": "oacsOjkCd",
          "checksum": "7e98e4cd115816d1c7a91d84c68b843a"
        },
        {
          "type": "icon",
          "assetId": "ivt63Bul_",
          "checksum": "2d60e7237549574d87d1772621c4f1b6"
        },
        {
          "type": "renderModule",
          "assetId": "Ockk5wTs5Zq",
          "checksum": "4a8eb2eaafeb4508f9439b0bcc14a808"
        },
        {
          "type": "cssRules",
          "assetId": "Ockk5wTs5Zq",
          "checksum": "4a8eb2eaafeb4508f9439b0bcc14a808"
        },
        {
          "type": "renderModule",
          "assetId": "pG3eTcOvTW0",
          "checksum": "7e6b8fbec81155ccb2542d3604cec59b"
        },
        {
          "type": "cssRules",
          "assetId": "pG3eTcOvTW0",
          "checksum": "7e6b8fbec81155ccb2542d3604cec59b"
        },
        {
          "type": "icon",
          "assetId": "DkUt8Ihq_s",
          "checksum": "54e0a31544fe7c858f374971fdc68f28"
        },
        {
          "type": "icon",
          "assetId": "gks_vb7Qhq",
          "checksum": "84db99ec78aecbbc55b3cbfdd233057f"
        },
        {
          "type": "icon",
          "assetId": "rJqHeOdNDd",
          "checksum": "9a1cf9a1359d5d5ead11d1f4c9b75920"
        },
        {
          "type": "renderModule",
          "assetId": "imGt0hxgfe",
          "checksum": "7410433aa825a729d1b5f4cd9d674448"
        },
        {
          "type": "cssRules",
          "assetId": "imGt0hxgfe",
          "checksum": "7410433aa825a729d1b5f4cd9d674448"
        },
        {
          "type": "renderModule",
          "assetId": "ueoKgZ85w4z",
          "checksum": "abc60e016b3f82611b699e6c4ccca815"
        },
        {
          "type": "cssRules",
          "assetId": "ueoKgZ85w4z",
          "checksum": "abc60e016b3f82611b699e6c4ccca815"
        },
        {
          "type": "renderModule",
          "assetId": "mb6SKWRg0eo",
          "checksum": "4c15be0fb07d0eb571eead9251f7d117"
        },
        {
          "type": "cssRules",
          "assetId": "mb6SKWRg0eo",
          "checksum": "4c15be0fb07d0eb571eead9251f7d117"
        },
        {
          "type": "renderModule",
          "assetId": "_qh5Wzylsri",
          "checksum": "288f583fa9046069d2029294f50a22a3"
        },
        {
          "type": "cssRules",
          "assetId": "_qh5Wzylsri",
          "checksum": "288f583fa9046069d2029294f50a22a3"
        },
        {
          "type": "renderModule",
          "assetId": "tOAAQS_ohI6",
          "checksum": "a874366f83521ad5ec705bebc1c8658e"
        },
        {
          "type": "cssRules",
          "assetId": "tOAAQS_ohI6",
          "checksum": "a874366f83521ad5ec705bebc1c8658e"
        },
        {
          "type": "icon",
          "assetId": "2-jRbSBCTl",
          "checksum": "d8d27281f1a6eb1d251fb96d23a178da"
        },
        {
          "type": "icon",
          "assetId": "c_l5iaFsrgt",
          "checksum": "aadd412394aafe8045580c53c1077c68"
        },
        {
          "type": "icon",
          "assetId": "wZzMomNwqfK",
          "checksum": "07fa3ac932102545bb1f63d944b8ac9c"
        },
        {
          "type": "image",
          "assetId": "qZ07MfBq3Z",
          "checksum": "f7644f10af39cbb0bff393d1f77163dc"
        },
        {
          "type": "image",
          "assetId": "NTYI9PpNtK",
          "checksum": "3ffe155e43e1a0b5d3051be02bcfc6d0"
        },
        {
          "type": "image",
          "assetId": "z4knmRvHvn",
          "checksum": "a3d9bd19e74535ab8b65475c53df9630"
        },
        {
          "type": "image",
          "assetId": "JafvXW9p_x",
          "checksum": "b683d969bd030a557e5baeb84e5c78b7"
        },
        {
          "type": "image",
          "assetId": "imsSNuPk0P",
          "checksum": "6e425e002c31254ec7d2c454e9030e30"
        },
        {
          "type": "image",
          "assetId": "qi-dg0SNum",
          "checksum": "fb5c860a508a84d4247f63c0655eadab"
        },
        {
          "type": "image",
          "assetId": "5hhn9xCwsP",
          "checksum": "4f19ca4676aec1004f6a961b16d07a74"
        },
        {
          "assetId": "mTVXT6w3HHjZ4d74q3gB76",
          "type": "projectCss",
          "checksum": "dbd3051b1732b02a50d4f79736849468"
        }
      ],
      "lang": "ts"
    }
  ],
  "cliVersion": "0.1.65"
}
