{
  "projects": [
    {
      "projectId": "mTVXT6w3HHjZ4d74q3gB76",
      "version": "latest",
      "dependencies": {},
      "fileLocks": [
        {
          "type": "globalVariant",
          "assetId": "szbTUtTUfDW81Pi",
          "checksum": "6fb2ee85d2a75343e4de9a96adce4870"
        },
        {
          "type": "renderModule",
          "assetId": "Fs8bTUrvZrvfhCr",
          "checksum": "2b53d3eb2d8be5b4aa6d10059a46e0d1"
        },
        {
          "type": "cssRules",
          "assetId": "Fs8bTUrvZrvfhCr",
          "checksum": "2b53d3eb2d8be5b4aa6d10059a46e0d1"
        },
        {
          "type": "renderModule",
          "assetId": "eUnRsS9UXR",
          "checksum": "50d3b559b5ae448d45d4fd4234233477"
        },
        {
          "type": "cssRules",
          "assetId": "eUnRsS9UXR",
          "checksum": "50d3b559b5ae448d45d4fd4234233477"
        },
        {
          "type": "renderModule",
          "assetId": "A1UjtYt6k0",
          "checksum": "fe3989d4f1469efe1ddf2f5aa1a4f1b9"
        },
        {
          "type": "cssRules",
          "assetId": "A1UjtYt6k0",
          "checksum": "fe3989d4f1469efe1ddf2f5aa1a4f1b9"
        },
        {
          "type": "renderModule",
          "assetId": "KDElHbQmfd",
          "checksum": "fc49dc858d69ff31e39e82774286f3c2"
        },
        {
          "type": "cssRules",
          "assetId": "KDElHbQmfd",
          "checksum": "fc49dc858d69ff31e39e82774286f3c2"
        },
        {
          "type": "renderModule",
          "assetId": "FZWTu4L61t",
          "checksum": "1de8ac520ef77a0354fb3fb346d1d944"
        },
        {
          "type": "cssRules",
          "assetId": "FZWTu4L61t",
          "checksum": "1de8ac520ef77a0354fb3fb346d1d944"
        },
        {
          "type": "renderModule",
          "assetId": "MkyvVOg5Ik",
          "checksum": "73d06ab24ac306f3f16319e0d60f8dd6"
        },
        {
          "type": "cssRules",
          "assetId": "MkyvVOg5Ik",
          "checksum": "73d06ab24ac306f3f16319e0d60f8dd6"
        },
        {
          "type": "renderModule",
          "assetId": "LRwT0lHdps",
          "checksum": "2132f0f0bf45dfc3a69dd7ac9c441137"
        },
        {
          "type": "cssRules",
          "assetId": "LRwT0lHdps",
          "checksum": "2132f0f0bf45dfc3a69dd7ac9c441137"
        },
        {
          "type": "renderModule",
          "assetId": "Umq3CDOCIR",
          "checksum": "ca0527ae74c587aec2e1c1e0cdf27f0d"
        },
        {
          "type": "cssRules",
          "assetId": "Umq3CDOCIR",
          "checksum": "ca0527ae74c587aec2e1c1e0cdf27f0d"
        },
        {
          "type": "renderModule",
          "assetId": "JU1t0P9pFY",
          "checksum": "fc78d966f65e2b37ad0c83978cd6c880"
        },
        {
          "type": "cssRules",
          "assetId": "JU1t0P9pFY",
          "checksum": "fc78d966f65e2b37ad0c83978cd6c880"
        },
        {
          "type": "renderModule",
          "assetId": "v0nNSTRV39",
          "checksum": "f373ad3174ce7ff6e7417879386660bf"
        },
        {
          "type": "cssRules",
          "assetId": "v0nNSTRV39",
          "checksum": "f373ad3174ce7ff6e7417879386660bf"
        },
        {
          "type": "renderModule",
          "assetId": "Q2R-U25DUBO",
          "checksum": "7e52e39e0abecaa711df98412c54586f"
        },
        {
          "type": "cssRules",
          "assetId": "Q2R-U25DUBO",
          "checksum": "7e52e39e0abecaa711df98412c54586f"
        },
        {
          "type": "renderModule",
          "assetId": "0x0YjULkfHN",
          "checksum": "2e6546fd0bf02a80f0cea0c57c4adb58"
        },
        {
          "type": "cssRules",
          "assetId": "0x0YjULkfHN",
          "checksum": "2e6546fd0bf02a80f0cea0c57c4adb58"
        },
        {
          "type": "renderModule",
          "assetId": "q3VnCwfx25w",
          "checksum": "ae19d4e72f3b83a74f25725aaeaa0516"
        },
        {
          "type": "cssRules",
          "assetId": "q3VnCwfx25w",
          "checksum": "ae19d4e72f3b83a74f25725aaeaa0516"
        },
        {
          "type": "renderModule",
          "assetId": "PE9pgtdNju",
          "checksum": "ae0bab420433b0cca7fa004e5400e4dc"
        },
        {
          "type": "cssRules",
          "assetId": "PE9pgtdNju",
          "checksum": "ae0bab420433b0cca7fa004e5400e4dc"
        },
        {
          "type": "renderModule",
          "assetId": "Rd6ctyxKvRM",
          "checksum": "be34f7aca25d5ac9890643f540a6bb16"
        },
        {
          "type": "cssRules",
          "assetId": "Rd6ctyxKvRM",
          "checksum": "be34f7aca25d5ac9890643f540a6bb16"
        },
        {
          "type": "renderModule",
          "assetId": "PGPJmONwto",
          "checksum": "a35177ea4940f68d7d15a4c301d5d314"
        },
        {
          "type": "cssRules",
          "assetId": "PGPJmONwto",
          "checksum": "a35177ea4940f68d7d15a4c301d5d314"
        },
        {
          "type": "renderModule",
          "assetId": "UIpuE7M1YY",
          "checksum": "ec1ade2fc1279b1ba3f7bd5fbfc903b2"
        },
        {
          "type": "cssRules",
          "assetId": "UIpuE7M1YY",
          "checksum": "ec1ade2fc1279b1ba3f7bd5fbfc903b2"
        },
        {
          "type": "renderModule",
          "assetId": "ZhI9zuyxBT",
          "checksum": "c636f9649b5368b8667dc00920be6e5e"
        },
        {
          "type": "cssRules",
          "assetId": "ZhI9zuyxBT",
          "checksum": "c636f9649b5368b8667dc00920be6e5e"
        },
        {
          "type": "renderModule",
          "assetId": "Q9Z-qP9n2Q",
          "checksum": "a1732555ad5ed077158be4c23b876c88"
        },
        {
          "type": "cssRules",
          "assetId": "Q9Z-qP9n2Q",
          "checksum": "a1732555ad5ed077158be4c23b876c88"
        },
        {
          "type": "renderModule",
          "assetId": "X8H70YUTyF",
          "checksum": "2c35d73f6d33dddf543a34364b3e47f3"
        },
        {
          "type": "cssRules",
          "assetId": "X8H70YUTyF",
          "checksum": "2c35d73f6d33dddf543a34364b3e47f3"
        },
        {
          "type": "renderModule",
          "assetId": "VOXcGTkmP9",
          "checksum": "dc3be280ca596984c7151a3af866776b"
        },
        {
          "type": "cssRules",
          "assetId": "VOXcGTkmP9",
          "checksum": "dc3be280ca596984c7151a3af866776b"
        },
        {
          "type": "renderModule",
          "assetId": "XqXAODV8pg",
          "checksum": "416c057e205afeec20762e17fb3d6800"
        },
        {
          "type": "cssRules",
          "assetId": "XqXAODV8pg",
          "checksum": "416c057e205afeec20762e17fb3d6800"
        },
        {
          "type": "renderModule",
          "assetId": "cRgEcIgCT1",
          "checksum": "dc3d9148ac73fe7deb8bfaf33de9ff39"
        },
        {
          "type": "cssRules",
          "assetId": "cRgEcIgCT1",
          "checksum": "dc3d9148ac73fe7deb8bfaf33de9ff39"
        },
        {
          "type": "renderModule",
          "assetId": "uaoIqTcPRC-",
          "checksum": "a184014be217214183e5021e9e2cfa5e"
        },
        {
          "type": "cssRules",
          "assetId": "uaoIqTcPRC-",
          "checksum": "a184014be217214183e5021e9e2cfa5e"
        },
        {
          "type": "renderModule",
          "assetId": "h6nSih0ODv",
          "checksum": "cb38333a51225d30e97ef2af618ef9c0"
        },
        {
          "type": "cssRules",
          "assetId": "h6nSih0ODv",
          "checksum": "cb38333a51225d30e97ef2af618ef9c0"
        },
        {
          "type": "renderModule",
          "assetId": "0wz8hGqZgNQ",
          "checksum": "394d4be7a0a3b3fd52ccaa5baf273fb7"
        },
        {
          "type": "cssRules",
          "assetId": "0wz8hGqZgNQ",
          "checksum": "394d4be7a0a3b3fd52ccaa5baf273fb7"
        },
        {
          "type": "renderModule",
          "assetId": "l1Qe8RjaNW",
          "checksum": "5316257c92a40c5e1d56b9b3bf75a249"
        },
        {
          "type": "cssRules",
          "assetId": "l1Qe8RjaNW",
          "checksum": "5316257c92a40c5e1d56b9b3bf75a249"
        },
        {
          "type": "renderModule",
          "assetId": "q8aEgDsN8_",
          "checksum": "949f79a21c78822f6a965924b13f48fb"
        },
        {
          "type": "cssRules",
          "assetId": "q8aEgDsN8_",
          "checksum": "949f79a21c78822f6a965924b13f48fb"
        },
        {
          "type": "renderModule",
          "assetId": "JQWYItyW5A",
          "checksum": "61bd4567004b81fe5457b1e7d310e5f6"
        },
        {
          "type": "cssRules",
          "assetId": "JQWYItyW5A",
          "checksum": "61bd4567004b81fe5457b1e7d310e5f6"
        },
        {
          "type": "image",
          "assetId": "g-rql0pCyuzVOIR",
          "checksum": "c5e735960df4537c9499bd7982a1e5e9"
        },
        {
          "type": "image",
          "assetId": "9kv6uNERxC5Tnft",
          "checksum": "7ae5332031d56b603497a98875ebbe8f"
        },
        {
          "type": "image",
          "assetId": "zo-_ZEkWm",
          "checksum": "d9d3af29137c0d2655f5f7bfe30efd9b"
        },
        {
          "type": "image",
          "assetId": "peTQl8yxq",
          "checksum": "b6699c29c6449d02941fe65dde49a6d1"
        },
        {
          "type": "image",
          "assetId": "O43ycn2NW",
          "checksum": "a60c9101584de4ceeed7872f307967ff"
        },
        {
          "type": "image",
          "assetId": "fd83YzSqp",
          "checksum": "d18793a79f5702ad9c6d242739c095bd"
        },
        {
          "type": "renderModule",
          "assetId": "0c6QSqHYCk",
          "checksum": "23c24ec6d52f5d368051915cc633df82"
        },
        {
          "type": "cssRules",
          "assetId": "0c6QSqHYCk",
          "checksum": "23c24ec6d52f5d368051915cc633df82"
        },
        {
          "type": "renderModule",
          "assetId": "xICnD3GwL-L",
          "checksum": "5702445a9a21b67f009241cd5fa7fb2c"
        },
        {
          "type": "cssRules",
          "assetId": "xICnD3GwL-L",
          "checksum": "5702445a9a21b67f009241cd5fa7fb2c"
        },
        {
          "type": "renderModule",
          "assetId": "3NTlJO7oDpw",
          "checksum": "441a9c205bb282cce41daf263bc5842c"
        },
        {
          "type": "cssRules",
          "assetId": "3NTlJO7oDpw",
          "checksum": "441a9c205bb282cce41daf263bc5842c"
        },
        {
          "type": "renderModule",
          "assetId": "1E73LSzV2l",
          "checksum": "492e89469e5a129f2776320e3f644345"
        },
        {
          "type": "cssRules",
          "assetId": "1E73LSzV2l",
          "checksum": "492e89469e5a129f2776320e3f644345"
        },
        {
          "type": "renderModule",
          "assetId": "2FtsgZCi1Kx",
          "checksum": "a182ef3c268dc41df5d36c69038307ba"
        },
        {
          "type": "cssRules",
          "assetId": "2FtsgZCi1Kx",
          "checksum": "a182ef3c268dc41df5d36c69038307ba"
        },
        {
          "type": "renderModule",
          "assetId": "pMqUN0f4G_a",
          "checksum": "698d265ea32503898904d71910072ef8"
        },
        {
          "type": "cssRules",
          "assetId": "pMqUN0f4G_a",
          "checksum": "698d265ea32503898904d71910072ef8"
        },
        {
          "type": "renderModule",
          "assetId": "D8Y_2wee1o",
          "checksum": "33cb9308c2659659bf858409fd397f58"
        },
        {
          "type": "cssRules",
          "assetId": "D8Y_2wee1o",
          "checksum": "33cb9308c2659659bf858409fd397f58"
        },
        {
          "type": "renderModule",
          "assetId": "bGjqf-R4Tc",
          "checksum": "74f9c470348a3f73d9fbc2b8d4e2d281"
        },
        {
          "type": "cssRules",
          "assetId": "bGjqf-R4Tc",
          "checksum": "74f9c470348a3f73d9fbc2b8d4e2d281"
        },
        {
          "type": "renderModule",
          "assetId": "_XzWccJtXuE",
          "checksum": "4b97cf1e15577cc1657d9259223b749f"
        },
        {
          "type": "cssRules",
          "assetId": "_XzWccJtXuE",
          "checksum": "4b97cf1e15577cc1657d9259223b749f"
        },
        {
          "type": "renderModule",
          "assetId": "I7lcqILO9Y",
          "checksum": "31c38b9356fab0c7870b717ef55d9b9d"
        },
        {
          "type": "cssRules",
          "assetId": "I7lcqILO9Y",
          "checksum": "31c38b9356fab0c7870b717ef55d9b9d"
        },
        {
          "type": "renderModule",
          "assetId": "JPP0L6JGIn",
          "checksum": "44b68a07f38c0d54287750246dd11514"
        },
        {
          "type": "cssRules",
          "assetId": "JPP0L6JGIn",
          "checksum": "44b68a07f38c0d54287750246dd11514"
        },
        {
          "type": "renderModule",
          "assetId": "FuAQiqPeTF",
          "checksum": "d40fa8987e7367002a33c1af85831223"
        },
        {
          "type": "cssRules",
          "assetId": "FuAQiqPeTF",
          "checksum": "d40fa8987e7367002a33c1af85831223"
        },
        {
          "type": "globalVariant",
          "assetId": "AfkkBCaq2g",
          "checksum": "a89d0adbb818e42eae0ad8632b2bd1cc"
        },
        {
          "type": "image",
          "assetId": "JPhKEtrftg",
          "checksum": "4adddf98cbff8dbf3b13cdf31ae2a376"
        },
        {
          "type": "renderModule",
          "assetId": "jggPyChG2Zg",
          "checksum": "65fef3635277c76823f492f0fa529a34"
        },
        {
          "type": "cssRules",
          "assetId": "jggPyChG2Zg",
          "checksum": "65fef3635277c76823f492f0fa529a34"
        },
        {
          "assetId": "mTVXT6w3HHjZ4d74q3gB76",
          "type": "projectCss",
          "checksum": "05b8c5f437c72ec80520e8c647708399"
        },
        {
          "type": "icon",
          "assetId": "X0yAm0kztuYc_IO",
          "checksum": "a5b99ef47665bdcf8518e8a2956cfa8b"
        },
        {
          "type": "icon",
          "assetId": "Sqzw_OTkst-6kZi",
          "checksum": "496440c9aad56d3039648d7ba469029f"
        },
        {
          "type": "icon",
          "assetId": "M_91_FWOwwP63LN",
          "checksum": "0fbe0048e45e2a4107bde69e2a15990b"
        },
        {
          "type": "icon",
          "assetId": "rflU0CK2WnITTSR",
          "checksum": "4f11ac9f20ced8c9dd9181902c200f71"
        },
        {
          "type": "icon",
          "assetId": "oiAgf-ezpQ",
          "checksum": "787398ff5d81b1b0579d65e243630a5f"
        },
        {
          "type": "icon",
          "assetId": "Y3JBiNHxmK",
          "checksum": "b4c5f198dafe2b0b2c1b59b392cd3cae"
        },
        {
          "type": "icon",
          "assetId": "zCNIMAkbig",
          "checksum": "828c6b7d1f80e9f468008929d26df1b1"
        },
        {
          "type": "icon",
          "assetId": "gg_6iBfcsu",
          "checksum": "3e94ddd9bab41fe7d8001beeb17f587f"
        },
        {
          "type": "icon",
          "assetId": "MwyR6vQxWa",
          "checksum": "645b08ea065c0c7e3da08f02f6fcc2da"
        },
        {
          "type": "icon",
          "assetId": "U8bxGhPFOV",
          "checksum": "723036114e133cdfc764767ee051cdf0"
        },
        {
          "type": "icon",
          "assetId": "gDL0fFl2pD",
          "checksum": "bfb3094b616c7f7f2135374dbc8db67b"
        },
        {
          "type": "icon",
          "assetId": "AVLV6uMr56",
          "checksum": "aa3ccbc72a23e659a96580a366048bed"
        },
        {
          "type": "icon",
          "assetId": "Z_5uLzTckE",
          "checksum": "3ec83291579b3f703bd7474cf698cea4"
        },
        {
          "type": "icon",
          "assetId": "B5QLKmr2tW",
          "checksum": "707008d25a5be4fe83babf828ff2f461"
        },
        {
          "type": "icon",
          "assetId": "Dz069s-rE",
          "checksum": "f93d9fbf6f3629e5541ed0fe5ed69bff"
        },
        {
          "type": "icon",
          "assetId": "FUAnm6q86",
          "checksum": "aea9808ed43173e92352bb8d31d865bc"
        },
        {
          "type": "icon",
          "assetId": "sumyU8-X3n",
          "checksum": "8a94b351f0010953ff466ae676bf31a4"
        },
        {
          "type": "icon",
          "assetId": "gkIqWTG_m",
          "checksum": "df28319bd6fc195510f169795cbe54d3"
        },
        {
          "type": "icon",
          "assetId": "Vx3fG4Fxc",
          "checksum": "86ea1b3790940e581dc9fa59f6296d11"
        },
        {
          "type": "icon",
          "assetId": "0QuxgUi0r",
          "checksum": "4a6230c49e350de689428c7cca29c691"
        },
        {
          "type": "icon",
          "assetId": "20h2nOVM8",
          "checksum": "98b2b9b3de95ed32eddb580471c60c08"
        },
        {
          "type": "icon",
          "assetId": "BDHiWdSyk",
          "checksum": "d39da26861853426321fccb381631a70"
        },
        {
          "type": "icon",
          "assetId": "_DgE8tx8k",
          "checksum": "9d5e350fb6918ca06799c66b0dc7fa41"
        },
        {
          "type": "icon",
          "assetId": "UPgEusYgX",
          "checksum": "0cd3597fb09fc489c20fee81a9b0e3d6"
        },
        {
          "type": "icon",
          "assetId": "jjuT3ffMh",
          "checksum": "345b18feb41765c0f91abed7ddcc5526"
        },
        {
          "type": "icon",
          "assetId": "HAg-_Kbya",
          "checksum": "e01f18de24d91603e802e74d801c1b32"
        },
        {
          "type": "icon",
          "assetId": "v822ZhrBq",
          "checksum": "7420ced69c79d145d2e5e16fcf1dac41"
        },
        {
          "type": "icon",
          "assetId": "v016HsKmfL",
          "checksum": "3fda721f5cf015d6a1ae08e0d29a60df"
        },
        {
          "type": "icon",
          "assetId": "9xu35mhQf",
          "checksum": "cb59b53e7633de39be252330178813eb"
        },
        {
          "type": "icon",
          "assetId": "SLtbVdLFU",
          "checksum": "cf030b921417d8cb2798f018f15bc7e8"
        },
        {
          "type": "icon",
          "assetId": "kQoy0KbdjL",
          "checksum": "c994aaf866bbfe6e6a06bc71646ef944"
        },
        {
          "type": "icon",
          "assetId": "Iea8iz1ew",
          "checksum": "b16604dd2e2711dbfdeb7df2b349a78b"
        },
        {
          "type": "icon",
          "assetId": "o58_ERQlgq",
          "checksum": "768679035517deea0e60cf5d1213df59"
        },
        {
          "type": "icon",
          "assetId": "goVw5oohlB",
          "checksum": "78bdf800ee40cdfc70a71b8c0829d931"
        },
        {
          "type": "icon",
          "assetId": "1tBTTGMGvG",
          "checksum": "5264e2679db815861c2c44eaff8d2ba4"
        },
        {
          "type": "icon",
          "assetId": "7EdfFx1qO",
          "checksum": "3ddda26d10251952a9533edc4d38a62f"
        },
        {
          "type": "icon",
          "assetId": "mIjXTEoTT",
          "checksum": "7a38ad0382ecebbb0600dcf23ff12d8d"
        },
        {
          "type": "icon",
          "assetId": "kGOcXPlB7",
          "checksum": "73b39e544b0e8488f5483756fcfc814e"
        },
        {
          "type": "icon",
          "assetId": "5IDGmkMiF",
          "checksum": "ec34c0503899b9ab559a765073006b60"
        },
        {
          "type": "icon",
          "assetId": "oacsOjkCd",
          "checksum": "7e98e4cd115816d1c7a91d84c68b843a"
        },
        {
          "type": "icon",
          "assetId": "ivt63Bul_",
          "checksum": "2d60e7237549574d87d1772621c4f1b6"
        }
      ],
      "lang": "ts"
    }
  ],
  "cliVersion": "0.1.65"
}
